
Microsoft Visual Studio Solution File, Format Version 12.00
# Visual Studio Version 17
VisualStudioVersion = 17.7.34202.233
MinimumVisualStudioVersion = 10.0.40219.1
Project("{FAE04EC0-301F-11D3-BF4B-00C04F79EFBC}") = "UniqueProducts", "UniqueProducts\UniqueProducts.csproj", "{14942B54-1B6A-443D-8FE7-6418559ED880}"
EndProject
Global
	GlobalSection(SolutionConfigurationPlatforms) = preSolution
		Debug|Any CPU = Debug|Any CPU
		Release|Any CPU = Release|Any CPU
	EndGlobalSection
	GlobalSection(ProjectConfigurationPlatforms) = postSolution
		{14942B54-1B6A-443D-8FE7-6418559ED880}.Debug|Any CPU.ActiveCfg = Debug|Any CPU
		{14942B54-1B6A-443D-8FE7-6418559ED880}.Debug|Any CPU.Build.0 = Debug|Any CPU
		{14942B54-1B6A-443D-8FE7-6418559ED880}.Release|Any CPU.ActiveCfg = Release|Any CPU
		{14942B54-1B6A-443D-8FE7-6418559ED880}.Release|Any CPU.Build.0 = Release|Any CPU
	EndGlobalSection
	GlobalSection(SolutionProperties) = preSolution
		HideSolutionNode = FALSE
	EndGlobalSection
	GlobalSection(ExtensibilityGlobals) = postSolution
		SolutionGuid = {73EACD17-CF70-40C7-8259-558DCFB6B37F}
	EndGlobalSection
EndGlobal
